// !$*UTF8*$!
{
	archiveVersion = 1;
	classes = {
	};
	objectVersion = 46;
	objects = {

/* Begin PBXBuildFile section */
		845092221885F0EF004B3851 /* Foundation.framework in Frameworks */ = {isa = PBXBuildFile; fileRef = 845092211885F0EF004B3851 /* Foundation.framework */; };
		845092271885F0EF004B3851 /* Discogs_ObjC.h in CopyFiles */ = {isa = PBXBuildFile; fileRef = 845092261885F0EF004B3851 /* Discogs_ObjC.h */; };
		845092291885F0EF004B3851 /* Discogs_ObjC.m in Sources */ = {isa = PBXBuildFile; fileRef = 845092281885F0EF004B3851 /* Discogs_ObjC.m */; };
		845092301885F0EF004B3851 /* XCTest.framework in Frameworks */ = {isa = PBXBuildFile; fileRef = 8450922F1885F0EF004B3851 /* XCTest.framework */; };
		845092311885F0EF004B3851 /* Foundation.framework in Frameworks */ = {isa = PBXBuildFile; fileRef = 845092211885F0EF004B3851 /* Foundation.framework */; };
		845092331885F0EF004B3851 /* UIKit.framework in Frameworks */ = {isa = PBXBuildFile; fileRef = 845092321885F0EF004B3851 /* UIKit.framework */; };
		845092361885F0EF004B3851 /* libDiscogs-ObjC.a in Frameworks */ = {isa = PBXBuildFile; fileRef = 8450921E1885F0EF004B3851 /* libDiscogs-ObjC.a */; };
		8450923C1885F0EF004B3851 /* InfoPlist.strings in Resources */ = {isa = PBXBuildFile; fileRef = 8450923A1885F0EF004B3851 /* InfoPlist.strings */; };
		8450923E1885F0EF004B3851 /* Discogs_ObjCTests.m in Sources */ = {isa = PBXBuildFile; fileRef = 8450923D1885F0EF004B3851 /* Discogs_ObjCTests.m */; };
/* End PBXBuildFile section */

/* Begin PBXContainerItemProxy section */
		845092341885F0EF004B3851 /* PBXContainerItemProxy */ = {
			isa = PBXContainerItemProxy;
			containerPortal = 845092161885F0EF004B3851 /* Project object */;
			proxyType = 1;
			remoteGlobalIDString = 8450921D1885F0EF004B3851;
			remoteInfo = "Discogs-ObjC";
		};
/* End PBXContainerItemProxy section */

/* Begin PBXCopyFilesBuildPhase section */
		8450921C1885F0EF004B3851 /* CopyFiles */ = {
			isa = PBXCopyFilesBuildPhase;
			buildActionMask = 2147483647;
			dstPath = "include/$(PRODUCT_NAME)";
			dstSubfolderSpec = 16;
			files = (
				845092271885F0EF004B3851 /* Discogs_ObjC.h in CopyFiles */,
			);
			runOnlyForDeploymentPostprocessing = 0;
		};
/* End PBXCopyFilesBuildPhase section */

/* Begin PBXFileReference section */
		8450921E1885F0EF004B3851 /* libDiscogs-ObjC.a */ = {isa = PBXFileReference; explicitFileType = archive.ar; includeInIndex = 0; path = "libDiscogs-ObjC.a"; sourceTree = BUILT_PRODUCTS_DIR; };
		845092211885F0EF004B3851 /* Foundation.framework */ = {isa = PBXFileReference; lastKnownFileType = wrapper.framework; name = Foundation.framework; path = System/Library/Frameworks/Foundation.framework; sourceTree = SDKROOT; };
		845092251885F0EF004B3851 /* Discogs-ObjC-Prefix.pch */ = {isa = PBXFileReference; lastKnownFileType = sourcecode.c.h; path = "Discogs-ObjC-Prefix.pch"; sourceTree = "<group>"; };
		845092261885F0EF004B3851 /* Discogs_ObjC.h */ = {isa = PBXFileReference; lastKnownFileType = sourcecode.c.h; path = Discogs_ObjC.h; sourceTree = "<group>"; };
		845092281885F0EF004B3851 /* Discogs_ObjC.m */ = {isa = PBXFileReference; lastKnownFileType = sourcecode.c.objc; path = Discogs_ObjC.m; sourceTree = "<group>"; };
		8450922E1885F0EF004B3851 /* Discogs-ObjCTests.xctest */ = {isa = PBXFileReference; explicitFileType = wrapper.cfbundle; includeInIndex = 0; path = "Discogs-ObjCTests.xctest"; sourceTree = BUILT_PRODUCTS_DIR; };
		8450922F1885F0EF004B3851 /* XCTest.framework */ = {isa = PBXFileReference; lastKnownFileType = wrapper.framework; name = XCTest.framework; path = Library/Frameworks/XCTest.framework; sourceTree = DEVELOPER_DIR; };
		845092321885F0EF004B3851 /* UIKit.framework */ = {isa = PBXFileReference; lastKnownFileType = wrapper.framework; name = UIKit.framework; path = Library/Frameworks/UIKit.framework; sourceTree = DEVELOPER_DIR; };
		845092391885F0EF004B3851 /* Discogs-ObjCTests-Info.plist */ = {isa = PBXFileReference; lastKnownFileType = text.plist.xml; path = "Discogs-ObjCTests-Info.plist"; sourceTree = "<group>"; };
		8450923B1885F0EF004B3851 /* en */ = {isa = PBXFileReference; lastKnownFileType = text.plist.strings; name = en; path = en.lproj/InfoPlist.strings; sourceTree = "<group>"; };
		8450923D1885F0EF004B3851 /* Discogs_ObjCTests.m */ = {isa = PBXFileReference; lastKnownFileType = sourcecode.c.objc; path = Discogs_ObjCTests.m; sourceTree = "<group>"; };
/* End PBXFileReference section */

/* Begin PBXFrameworksBuildPhase section */
		8450921B1885F0EF004B3851 /* Frameworks */ = {
			isa = PBXFrameworksBuildPhase;
			buildActionMask = 2147483647;
			files = (
				845092221885F0EF004B3851 /* Foundation.framework in Frameworks */,
			);
			runOnlyForDeploymentPostprocessing = 0;
		};
		8450922B1885F0EF004B3851 /* Frameworks */ = {
			isa = PBXFrameworksBuildPhase;
			buildActionMask = 2147483647;
			files = (
				845092301885F0EF004B3851 /* XCTest.framework in Frameworks */,
				845092331885F0EF004B3851 /* UIKit.framework in Frameworks */,
				845092361885F0EF004B3851 /* libDiscogs-ObjC.a in Frameworks */,
				845092311885F0EF004B3851 /* Foundation.framework in Frameworks */,
			);
			runOnlyForDeploymentPostprocessing = 0;
		};
/* End PBXFrameworksBuildPhase section */

/* Begin PBXGroup section */
		845092151885F0EF004B3851 = {
			isa = PBXGroup;
			children = (
				845092231885F0EF004B3851 /* Discogs-ObjC */,
				845092371885F0EF004B3851 /* Discogs-ObjCTests */,
				845092201885F0EF004B3851 /* Frameworks */,
				8450921F1885F0EF004B3851 /* Products */,
			);
			sourceTree = "<group>";
		};
		8450921F1885F0EF004B3851 /* Products */ = {
			isa = PBXGroup;
			children = (
				8450921E1885F0EF004B3851 /* libDiscogs-ObjC.a */,
				8450922E1885F0EF004B3851 /* Discogs-ObjCTests.xctest */,
			);
			name = Products;
			sourceTree = "<group>";
		};
		845092201885F0EF004B3851 /* Frameworks */ = {
			isa = PBXGroup;
			children = (
				845092211885F0EF004B3851 /* Foundation.framework */,
				8450922F1885F0EF004B3851 /* XCTest.framework */,
				845092321885F0EF004B3851 /* UIKit.framework */,
			);
			name = Frameworks;
			sourceTree = "<group>";
		};
		845092231885F0EF004B3851 /* Discogs-ObjC */ = {
			isa = PBXGroup;
			children = (
				845092261885F0EF004B3851 /* Discogs_ObjC.h */,
				845092281885F0EF004B3851 /* Discogs_ObjC.m */,
				845092241885F0EF004B3851 /* Supporting Files */,
			);
			path = "Discogs-ObjC";
			sourceTree = "<group>";
		};
		845092241885F0EF004B3851 /* Supporting Files */ = {
			isa = PBXGroup;
			children = (
				845092251885F0EF004B3851 /* Discogs-ObjC-Prefix.pch */,
			);
			name = "Supporting Files";
			sourceTree = "<group>";
		};
		845092371885F0EF004B3851 /* Discogs-ObjCTests */ = {
			isa = PBXGroup;
			children = (
				8450923D1885F0EF004B3851 /* Discogs_ObjCTests.m */,
				845092381885F0EF004B3851 /* Supporting Files */,
			);
			path = "Discogs-ObjCTests";
			sourceTree = "<group>";
		};
		845092381885F0EF004B3851 /* Supporting Files */ = {
			isa = PBXGroup;
			children = (
				845092391885F0EF004B3851 /* Discogs-ObjCTests-Info.plist */,
				8450923A1885F0EF004B3851 /* InfoPlist.strings */,
			);
			name = "Supporting Files";
			sourceTree = "<group>";
		};
/* End PBXGroup section */

/* Begin PBXNativeTarget section */
		8450921D1885F0EF004B3851 /* Discogs-ObjC */ = {
			isa = PBXNativeTarget;
			buildConfigurationList = 845092411885F0EF004B3851 /* Build configuration list for PBXNativeTarget "Discogs-ObjC" */;
			buildPhases = (
				8450921A1885F0EF004B3851 /* Sources */,
				8450921B1885F0EF004B3851 /* Frameworks */,
				8450921C1885F0EF004B3851 /* CopyFiles */,
			);
			buildRules = (
			);
			dependencies = (
			);
			name = "Discogs-ObjC";
			productName = "Discogs-ObjC";
			productReference = 8450921E1885F0EF004B3851 /* libDiscogs-ObjC.a */;
			productType = "com.apple.product-type.library.static";
		};
		8450922D1885F0EF004B3851 /* Discogs-ObjCTests */ = {
			isa = PBXNativeTarget;
			buildConfigurationList = 845092441885F0EF004B3851 /* Build configuration list for PBXNativeTarget "Discogs-ObjCTests" */;
			buildPhases = (
				8450922A1885F0EF004B3851 /* Sources */,
				8450922B1885F0EF004B3851 /* Frameworks */,
				8450922C1885F0EF004B3851 /* Resources */,
			);
			buildRules = (
			);
			dependencies = (
				845092351885F0EF004B3851 /* PBXTargetDependency */,
			);
			name = "Discogs-ObjCTests";
			productName = "Discogs-ObjCTests";
			productReference = 8450922E1885F0EF004B3851 /* Discogs-ObjCTests.xctest */;
			productType = "com.apple.product-type.bundle.unit-test";
		};
/* End PBXNativeTarget section */

/* Begin PBXProject section */
		845092161885F0EF004B3851 /* Project object */ = {
			isa = PBXProject;
			attributes = {
				LastUpgradeCheck = 0500;
				ORGANIZATIONNAME = n8j1s;
			};
			buildConfigurationList = 845092191885F0EF004B3851 /* Build configuration list for PBXProject "Discogs-ObjC" */;
			compatibilityVersion = "Xcode 3.2";
			developmentRegion = English;
			hasScannedForEncodings = 0;
			knownRegions = (
				en,
			);
			mainGroup = 845092151885F0EF004B3851;
			productRefGroup = 8450921F1885F0EF004B3851 /* Products */;
			projectDirPath = "";
			projectRoot = "";
			targets = (
				8450921D1885F0EF004B3851 /* Discogs-ObjC */,
				8450922D1885F0EF004B3851 /* Discogs-ObjCTests */,
			);
		};
/* End PBXProject section */

/* Begin PBXResourcesBuildPhase section */
		8450922C1885F0EF004B3851 /* Resources */ = {
			isa = PBXResourcesBuildPhase;
			buildActionMask = 2147483647;
			files = (
				8450923C1885F0EF004B3851 /* InfoPlist.strings in Resources */,
			);
			runOnlyForDeploymentPostprocessing = 0;
		};
/* End PBXResourcesBuildPhase section */

/* Begin PBXSourcesBuildPhase section */
		8450921A1885F0EF004B3851 /* Sources */ = {
			isa = PBXSourcesBuildPhase;
			buildActionMask = 2147483647;
			files = (
				845092291885F0EF004B3851 /* Discogs_ObjC.m in Sources */,
			);
			runOnlyForDeploymentPostprocessing = 0;
		};
		8450922A1885F0EF004B3851 /* Sources */ = {
			isa = PBXSourcesBuildPhase;
			buildActionMask = 2147483647;
			files = (
				8450923E1885F0EF004B3851 /* Discogs_ObjCTests.m in Sources */,
			);
			runOnlyForDeploymentPostprocessing = 0;
		};
/* End PBXSourcesBuildPhase section */

/* Begin PBXTargetDependency section */
		845092351885F0EF004B3851 /* PBXTargetDependency */ = {
			isa = PBXTargetDependency;
			target = 8450921D1885F0EF004B3851 /* Discogs-ObjC */;
			targetProxy = 845092341885F0EF004B3851 /* PBXContainerItemProxy */;
		};
/* End PBXTargetDependency section */

/* Begin PBXVariantGroup section */
		8450923A1885F0EF004B3851 /* InfoPlist.strings */ = {
			isa = PBXVariantGroup;
			children = (
				8450923B1885F0EF004B3851 /* en */,
			);
			name = InfoPlist.strings;
			sourceTree = "<group>";
		};
/* End PBXVariantGroup section */

/* Begin XCBuildConfiguration section */
		8450923F1885F0EF004B3851 /* Debug */ = {
			isa = XCBuildConfiguration;
			buildSettings = {
				ALWAYS_SEARCH_USER_PATHS = NO;
				ARCHS = "$(ARCHS_STANDARD_INCLUDING_64_BIT)";
				CLANG_CXX_LANGUAGE_STANDARD = "gnu++0x";
				CLANG_CXX_LIBRARY = "libc++";
				CLANG_ENABLE_MODULES = YES;
				CLANG_ENABLE_OBJC_ARC = YES;
				CLANG_WARN_BOOL_CONVERSION = YES;
				CLANG_WARN_CONSTANT_CONVERSION = YES;
				CLANG_WARN_DIRECT_OBJC_ISA_USAGE = YES_ERROR;
				CLANG_WARN_EMPTY_BODY = YES;
				CLANG_WARN_ENUM_CONVERSION = YES;
				CLANG_WARN_INT_CONVERSION = YES;
				CLANG_WARN_OBJC_ROOT_CLASS = YES_ERROR;
				CLANG_WARN__DUPLICATE_METHOD_MATCH = YES;
				COPY_PHASE_STRIP = NO;
				GCC_C_LANGUAGE_STANDARD = gnu99;
				GCC_DYNAMIC_NO_PIC = NO;
				GCC_OPTIMIZATION_LEVEL = 0;
				GCC_PREPROCESSOR_DEFINITIONS = (
					"DEBUG=1",
					"$(inherited)",
				);
				GCC_SYMBOLS_PRIVATE_EXTERN = NO;
				GCC_WARN_64_TO_32_BIT_CONVERSION = YES;
				GCC_WARN_ABOUT_RETURN_TYPE = YES_ERROR;
				GCC_WARN_UNDECLARED_SELECTOR = YES;
				GCC_WARN_UNINITIALIZED_AUTOS = YES;
				GCC_WARN_UNUSED_FUNCTION = YES;
				GCC_WARN_UNUSED_VARIABLE = YES;
				IPHONEOS_DEPLOYMENT_TARGET = 7.0;
				ONLY_ACTIVE_ARCH = YES;
				SDKROOT = iphoneos;
			};
			name = Debug;
		};
		845092401885F0EF004B3851 /* Release */ = {
			isa = XCBuildConfiguration;
			buildSettings = {
				ALWAYS_SEARCH_USER_PATHS = NO;
				ARCHS = "$(ARCHS_STANDARD_INCLUDING_64_BIT)";
				CLANG_CXX_LANGUAGE_STANDARD = "gnu++0x";
				CLANG_CXX_LIBRARY = "libc++";
				CLANG_ENABLE_MODULES = YES;
				CLANG_ENABLE_OBJC_ARC = YES;
				CLANG_WARN_BOOL_CONVERSION = YES;
				CLANG_WARN_CONSTANT_CONVERSION = YES;
				CLANG_WARN_DIRECT_OBJC_ISA_USAGE = YES_ERROR;
				CLANG_WARN_EMPTY_BODY = YES;
				CLANG_WARN_ENUM_CONVERSION = YES;
				CLANG_WARN_INT_CONVERSION = YES;
				CLANG_WARN_OBJC_ROOT_CLASS = YES_ERROR;
				CLANG_WARN__DUPLICATE_METHOD_MATCH = YES;
				COPY_PHASE_STRIP = YES;
				ENABLE_NS_ASSERTIONS = NO;
				GCC_C_LANGUAGE_STANDARD = gnu99;
				GCC_WARN_64_TO_32_BIT_CONVERSION = YES;
				GCC_WARN_ABOUT_RETURN_TYPE = YES_ERROR;
				GCC_WARN_UNDECLARED_SELECTOR = YES;
				GCC_WARN_UNINITIALIZED_AUTOS = YES;
				GCC_WARN_UNUSED_FUNCTION = YES;
				GCC_WARN_UNUSED_VARIABLE = YES;
				IPHONEOS_DEPLOYMENT_TARGET = 7.0;
				SDKROOT = iphoneos;
				VALIDATE_PRODUCT = YES;
			};
			name = Release;
		};
		845092421885F0EF004B3851 /* Debug */ = {
			isa = XCBuildConfiguration;
			buildSettings = {
				DSTROOT = /tmp/Discogs_ObjC.dst;
				GCC_PRECOMPILE_PREFIX_HEADER = YES;
				GCC_PREFIX_HEADER = "Discogs-ObjC/Discogs-ObjC-Prefix.pch";
				OTHER_LDFLAGS = "-ObjC";
				PRODUCT_NAME = "$(TARGET_NAME)";
				SKIP_INSTALL = YES;
			};
			name = Debug;
		};
		845092431885F0EF004B3851 /* Release */ = {
			isa = XCBuildConfiguration;
			buildSettings = {
				DSTROOT = /tmp/Discogs_ObjC.dst;
				GCC_PRECOMPILE_PREFIX_HEADER = YES;
				GCC_PREFIX_HEADER = "Discogs-ObjC/Discogs-ObjC-Prefix.pch";
				OTHER_LDFLAGS = "-ObjC";
				PRODUCT_NAME = "$(TARGET_NAME)";
				SKIP_INSTALL = YES;
			};
			name = Release;
		};
		845092451885F0EF004B3851 /* Debug */ = {
			isa = XCBuildConfiguration;
			buildSettings = {
				ARCHS = "$(ARCHS_STANDARD_INCLUDING_64_BIT)";
				FRAMEWORK_SEARCH_PATHS = (
					"$(SDKROOT)/Developer/Library/Frameworks",
					"$(inherited)",
					"$(DEVELOPER_FRAMEWORKS_DIR)",
				);
				GCC_PRECOMPILE_PREFIX_HEADER = YES;
				GCC_PREFIX_HEADER = "Discogs-ObjC/Discogs-ObjC-Prefix.pch";
				GCC_PREPROCESSOR_DEFINITIONS = (
					"DEBUG=1",
					"$(inherited)",
				);
				INFOPLIST_FILE = "Discogs-ObjCTests/Discogs-ObjCTests-Info.plist";
				PRODUCT_NAME = "$(TARGET_NAME)";
				WRAPPER_EXTENSION = xctest;
			};
			name = Debug;
		};
		845092461885F0EF004B3851 /* Release */ = {
			isa = XCBuildConfiguration;
			buildSettings = {
				ARCHS = "$(ARCHS_STANDARD_INCLUDING_64_BIT)";
				FRAMEWORK_SEARCH_PATHS = (
					"$(SDKROOT)/Developer/Library/Frameworks",
					"$(inherited)",
					"$(DEVELOPER_FRAMEWORKS_DIR)",
				);
				GCC_PRECOMPILE_PREFIX_HEADER = YES;
				GCC_PREFIX_HEADER = "Discogs-ObjC/Discogs-ObjC-Prefix.pch";
				INFOPLIST_FILE = "Discogs-ObjCTests/Discogs-ObjCTests-Info.plist";
				PRODUCT_NAME = "$(TARGET_NAME)";
				WRAPPER_EXTENSION = xctest;
			};
			name = Release;
		};
/* End XCBuildConfiguration section */

/* Begin XCConfigurationList section */
		845092191885F0EF004B3851 /* Build configuration list for PBXProject "Discogs-ObjC" */ = {
			isa = XCConfigurationList;
			buildConfigurations = (
				8450923F1885F0EF004B3851 /* Debug */,
				845092401885F0EF004B3851 /* Release */,
			);
			defaultConfigurationIsVisible = 0;
			defaultConfigurationName = Release;
		};
		845092411885F0EF004B3851 /* Build configuration list for PBXNativeTarget "Discogs-ObjC" */ = {
			isa = XCConfigurationList;
			buildConfigurations = (
				845092421885F0EF004B3851 /* Debug */,
				845092431885F0EF004B3851 /* Release */,
			);
			defaultConfigurationIsVisible = 0;
		};
		845092441885F0EF004B3851 /* Build configuration list for PBXNativeTarget "Discogs-ObjCTests" */ = {
			isa = XCConfigurationList;
			buildConfigurations = (
				845092451885F0EF004B3851 /* Debug */,
				845092461885F0EF004B3851 /* Release */,
			);
			defaultConfigurationIsVisible = 0;
		};
/* End XCConfigurationList section */
	};
	rootObject = 845092161885F0EF004B3851 /* Project object */;
}
